// !$*UTF8*$!
{
	archiveVersion = 1;
	classes = {
	};
	objectVersion = 46;
	objects = {

/* Begin PBXBuildFile section */
		1115A6E41ADE0F3500AA3A59 /* ClassFeedVC.m in Sources */ = {isa = PBXBuildFile; fileRef = 1115A6E31ADE0F3500AA3A59 /* ClassFeedVC.m */; };
		1115A6E71ADE10B800AA3A59 /* Course.m in Sources */ = {isa = PBXBuildFile; fileRef = 1115A6E61ADE10B800AA3A59 /* Course.m */; };
		1115A6EA1ADE174200AA3A59 /* CourseCell.m in Sources */ = {isa = PBXBuildFile; fileRef = 1115A6E91ADE174200AA3A59 /* CourseCell.m */; };
		1115A6ED1ADE2A3500AA3A59 /* TabBarController.m in Sources */ = {isa = PBXBuildFile; fileRef = 1115A6EC1ADE2A3500AA3A59 /* TabBarController.m */; };
		1115A6EF1ADE368E00AA3A59 /* profIcon.png in Resources */ = {isa = PBXBuildFile; fileRef = 1115A6EE1ADE368E00AA3A59 /* profIcon.png */; };
		1115A6F21ADE3E9700AA3A59 /* CourseVC.m in Sources */ = {isa = PBXBuildFile; fileRef = 1115A6F11ADE3E9600AA3A59 /* CourseVC.m */; };
		1115A6F41ADE48ED00AA3A59 /* courseIcon.png in Resources */ = {isa = PBXBuildFile; fileRef = 1115A6F31ADE48ED00AA3A59 /* courseIcon.png */; };
		1118DF031AEB2555001E54D7 /* profCell.png in Resources */ = {isa = PBXBuildFile; fileRef = 1118DF021AEB2555001E54D7 /* profCell.png */; };
		1118DF051AEB2A4E001E54D7 /* courseIcon2.png in Resources */ = {isa = PBXBuildFile; fileRef = 1118DF041AEB2A4E001E54D7 /* courseIcon2.png */; };
		1118DF071AEB2B12001E54D7 /* profIcon2.png in Resources */ = {isa = PBXBuildFile; fileRef = 1118DF061AEB2B12001E54D7 /* profIcon2.png */; };
		1118DF0A1AEB2D9F001E54D7 /* MoviePlayerController.m in Sources */ = {isa = PBXBuildFile; fileRef = 1118DF091AEB2D9F001E54D7 /* MoviePlayerController.m */; };
		1118DF0C1AEC086A001E54D7 /* playButton.png in Resources */ = {isa = PBXBuildFile; fileRef = 1118DF0B1AEC086A001E54D7 /* playButton.png */; };
		11CB35011AEE8CD40015C185 /* MainNavigationController.m in Sources */ = {isa = PBXBuildFile; fileRef = 11CB35001AEE8CD40015C185 /* MainNavigationController.m */; };
		CD1FFF451AAED392006D08EB /* FeedVC.m in Sources */ = {isa = PBXBuildFile; fileRef = CD1FFF341AAED392006D08EB /* FeedVC.m */; };
		CD1FFF491AAED392006D08EB /* Professor.m in Sources */ = {isa = PBXBuildFile; fileRef = CD1FFF391AAED392006D08EB /* Professor.m */; };
		CD1FFF4B1AAED392006D08EB /* sample.mov in Resources */ = {isa = PBXBuildFile; fileRef = CD1FFF3C1AAED392006D08EB /* sample.mov */; };
		CD1FFF4F1AAED392006D08EB /* Util.m in Sources */ = {isa = PBXBuildFile; fileRef = CD1FFF421AAED392006D08EB /* Util.m */; };
		CD251C661AA258850062E2BC /* Default-568h@2x.png in Resources */ = {isa = PBXBuildFile; fileRef = CD251C651AA258850062E2BC /* Default-568h@2x.png */; };
		CD251C6C1AA25AFF0062E2BC /* ProfVC.m in Sources */ = {isa = PBXBuildFile; fileRef = CD251C6B1AA25AFF0062E2BC /* ProfVC.m */; };
		CD251C7A1AA261170062E2BC /* UIColor+profsUT.m in Sources */ = {isa = PBXBuildFile; fileRef = CD251C791AA261170062E2BC /* UIColor+profsUT.m */; };
		CD251C7D1AA2675C0062E2BC /* Copse.ttf in Resources */ = {isa = PBXBuildFile; fileRef = CD251C7C1AA263210062E2BC /* Copse.ttf */; };
		CD251C801AA268640062E2BC /* Constants.m in Sources */ = {isa = PBXBuildFile; fileRef = CD251C7F1AA268640062E2BC /* Constants.m */; };
		CD251C831AA26C5F0062E2BC /* search.png in Resources */ = {isa = PBXBuildFile; fileRef = CD251C811AA26C5F0062E2BC /* search.png */; };
		CD251C841AA26C5F0062E2BC /* settings.png in Resources */ = {isa = PBXBuildFile; fileRef = CD251C821AA26C5F0062E2BC /* settings.png */; };
		CD8074131AA25423007E334A /* main.m in Sources */ = {isa = PBXBuildFile; fileRef = CD8074121AA25423007E334A /* main.m */; };
		CD8074161AA25423007E334A /* AppDelegate.m in Sources */ = {isa = PBXBuildFile; fileRef = CD8074151AA25423007E334A /* AppDelegate.m */; };
		CD80741E1AA25423007E334A /* Images.xcassets in Resources */ = {isa = PBXBuildFile; fileRef = CD80741D1AA25423007E334A /* Images.xcassets */; };
		CD80742D1AA25423007E334A /* profsUTTests.m in Sources */ = {isa = PBXBuildFile; fileRef = CD80742C1AA25423007E334A /* profsUTTests.m */; };
		CD9E129B1AC278A6004363A6 /* quigley.png in Resources */ = {isa = PBXBuildFile; fileRef = CD9E129A1AC278A6004363A6 /* quigley.png */; };
		CD9E129E1AC27E96004363A6 /* ProfCell.m in Sources */ = {isa = PBXBuildFile; fileRef = CD9E129D1AC27E96004363A6 /* ProfCell.m */; };
		DA97EDB307627F2CEC028330 /* libPods-profsUT.a in Frameworks */ = {isa = PBXBuildFile; fileRef = D286B65F64AE42A24D24404D /* libPods-profsUT.a */; };
/* End PBXBuildFile section */

/* Begin PBXContainerItemProxy section */
		CD8074271AA25423007E334A /* PBXContainerItemProxy */ = {
			isa = PBXContainerItemProxy;
			containerPortal = CD8074051AA25423007E334A /* Project object */;
			proxyType = 1;
			remoteGlobalIDString = CD80740C1AA25423007E334A;
			remoteInfo = profsUT;
		};
/* End PBXContainerItemProxy section */

/* Begin PBXFileReference section */
		1115A6E21ADE0F3500AA3A59 /* ClassFeedVC.h */ = {isa = PBXFileReference; fileEncoding = 4; lastKnownFileType = sourcecode.c.h; path = ClassFeedVC.h; sourceTree = "<group>"; };
		1115A6E31ADE0F3500AA3A59 /* ClassFeedVC.m */ = {isa = PBXFileReference; fileEncoding = 4; lastKnownFileType = sourcecode.c.objc; path = ClassFeedVC.m; sourceTree = "<group>"; };
		1115A6E51ADE10B800AA3A59 /* Course.h */ = {isa = PBXFileReference; fileEncoding = 4; lastKnownFileType = sourcecode.c.h; path = Course.h; sourceTree = "<group>"; };
		1115A6E61ADE10B800AA3A59 /* Course.m */ = {isa = PBXFileReference; fileEncoding = 4; lastKnownFileType = sourcecode.c.objc; path = Course.m; sourceTree = "<group>"; };
		1115A6E81ADE174200AA3A59 /* CourseCell.h */ = {isa = PBXFileReference; fileEncoding = 4; lastKnownFileType = sourcecode.c.h; path = CourseCell.h; sourceTree = "<group>"; };
		1115A6E91ADE174200AA3A59 /* CourseCell.m */ = {isa = PBXFileReference; fileEncoding = 4; lastKnownFileType = sourcecode.c.objc; path = CourseCell.m; sourceTree = "<group>"; };
		1115A6EB1ADE2A3500AA3A59 /* TabBarController.h */ = {isa = PBXFileReference; fileEncoding = 4; lastKnownFileType = sourcecode.c.h; path = TabBarController.h; sourceTree = "<group>"; };
		1115A6EC1ADE2A3500AA3A59 /* TabBarController.m */ = {isa = PBXFileReference; fileEncoding = 4; lastKnownFileType = sourcecode.c.objc; path = TabBarController.m; sourceTree = "<group>"; };
		1115A6EE1ADE368E00AA3A59 /* profIcon.png */ = {isa = PBXFileReference; lastKnownFileType = image.png; path = profIcon.png; sourceTree = "<group>"; };
		1115A6F01ADE3E9600AA3A59 /* CourseVC.h */ = {isa = PBXFileReference; fileEncoding = 4; lastKnownFileType = sourcecode.c.h; path = CourseVC.h; sourceTree = "<group>"; };
		1115A6F11ADE3E9600AA3A59 /* CourseVC.m */ = {isa = PBXFileReference; fileEncoding = 4; lastKnownFileType = sourcecode.c.objc; path = CourseVC.m; sourceTree = "<group>"; };
		1115A6F31ADE48ED00AA3A59 /* courseIcon.png */ = {isa = PBXFileReference; lastKnownFileType = image.png; path = courseIcon.png; sourceTree = "<group>"; };
		1118DF021AEB2555001E54D7 /* profCell.png */ = {isa = PBXFileReference; lastKnownFileType = image.png; path = profCell.png; sourceTree = "<group>"; };
		1118DF041AEB2A4E001E54D7 /* courseIcon2.png */ = {isa = PBXFileReference; lastKnownFileType = image.png; path = courseIcon2.png; sourceTree = "<group>"; };
		1118DF061AEB2B12001E54D7 /* profIcon2.png */ = {isa = PBXFileReference; lastKnownFileType = image.png; path = profIcon2.png; sourceTree = "<group>"; };
		1118DF081AEB2D9F001E54D7 /* MoviePlayerController.h */ = {isa = PBXFileReference; fileEncoding = 4; lastKnownFileType = sourcecode.c.h; path = MoviePlayerController.h; sourceTree = "<group>"; };
		1118DF091AEB2D9F001E54D7 /* MoviePlayerController.m */ = {isa = PBXFileReference; fileEncoding = 4; lastKnownFileType = sourcecode.c.objc; path = MoviePlayerController.m; sourceTree = "<group>"; };
		1118DF0B1AEC086A001E54D7 /* playButton.png */ = {isa = PBXFileReference; lastKnownFileType = image.png; path = playButton.png; sourceTree = "<group>"; };
		11CB34FF1AEE8CD40015C185 /* MainNavigationController.h */ = {isa = PBXFileReference; fileEncoding = 4; lastKnownFileType = sourcecode.c.h; path = MainNavigationController.h; sourceTree = "<group>"; };
		11CB35001AEE8CD40015C185 /* MainNavigationController.m */ = {isa = PBXFileReference; fileEncoding = 4; lastKnownFileType = sourcecode.c.objc; path = MainNavigationController.m; sourceTree = "<group>"; };
		11ED4E1F472339D1532BB583 /* Pods-profsUT.release.xcconfig */ = {isa = PBXFileReference; includeInIndex = 1; lastKnownFileType = text.xcconfig; name = "Pods-profsUT.release.xcconfig"; path = "Pods/Target Support Files/Pods-profsUT/Pods-profsUT.release.xcconfig"; sourceTree = "<group>"; };
		CD1FFF331AAED392006D08EB /* FeedVC.h */ = {isa = PBXFileReference; fileEncoding = 4; lastKnownFileType = sourcecode.c.h; path = FeedVC.h; sourceTree = "<group>"; };
		CD1FFF341AAED392006D08EB /* FeedVC.m */ = {isa = PBXFileReference; fileEncoding = 4; lastKnownFileType = sourcecode.c.objc; path = FeedVC.m; sourceTree = "<group>"; };
		CD1FFF381AAED392006D08EB /* Professor.h */ = {isa = PBXFileReference; fileEncoding = 4; lastKnownFileType = sourcecode.c.h; path = Professor.h; sourceTree = "<group>"; };
		CD1FFF391AAED392006D08EB /* Professor.m */ = {isa = PBXFileReference; fileEncoding = 4; lastKnownFileType = sourcecode.c.objc; path = Professor.m; sourceTree = "<group>"; };
		CD1FFF3C1AAED392006D08EB /* sample.mov */ = {isa = PBXFileReference; lastKnownFileType = video.quicktime; path = sample.mov; sourceTree = "<group>"; };
		CD1FFF411AAED392006D08EB /* Util.h */ = {isa = PBXFileReference; fileEncoding = 4; lastKnownFileType = sourcecode.c.h; path = Util.h; sourceTree = "<group>"; };
		CD1FFF421AAED392006D08EB /* Util.m */ = {isa = PBXFileReference; fileEncoding = 4; lastKnownFileType = sourcecode.c.objc; path = Util.m; sourceTree = "<group>"; };
		CD251C651AA258850062E2BC /* Default-568h@2x.png */ = {isa = PBXFileReference; lastKnownFileType = image.png; name = "Default-568h@2x.png"; path = "../Default-568h@2x.png"; sourceTree = "<group>"; };
		CD251C6A1AA25AFF0062E2BC /* ProfVC.h */ = {isa = PBXFileReference; fileEncoding = 4; lastKnownFileType = sourcecode.c.h; path = ProfVC.h; sourceTree = "<group>"; };
		CD251C6B1AA25AFF0062E2BC /* ProfVC.m */ = {isa = PBXFileReference; fileEncoding = 4; lastKnownFileType = sourcecode.c.objc; path = ProfVC.m; sourceTree = "<group>"; };
		CD251C781AA261170062E2BC /* UIColor+profsUT.h */ = {isa = PBXFileReference; fileEncoding = 4; lastKnownFileType = sourcecode.c.h; path = "UIColor+profsUT.h"; sourceTree = "<group>"; };
		CD251C791AA261170062E2BC /* UIColor+profsUT.m */ = {isa = PBXFileReference; fileEncoding = 4; lastKnownFileType = sourcecode.c.objc; path = "UIColor+profsUT.m"; sourceTree = "<group>"; };
		CD251C7C1AA263210062E2BC /* Copse.ttf */ = {isa = PBXFileReference; lastKnownFileType = file; path = Copse.ttf; sourceTree = "<group>"; };
		CD251C7E1AA268640062E2BC /* Constants.h */ = {isa = PBXFileReference; fileEncoding = 4; lastKnownFileType = sourcecode.c.h; path = Constants.h; sourceTree = "<group>"; };
		CD251C7F1AA268640062E2BC /* Constants.m */ = {isa = PBXFileReference; fileEncoding = 4; lastKnownFileType = sourcecode.c.objc; path = Constants.m; sourceTree = "<group>"; };
		CD251C811AA26C5F0062E2BC /* search.png */ = {isa = PBXFileReference; lastKnownFileType = image.png; path = search.png; sourceTree = "<group>"; };
		CD251C821AA26C5F0062E2BC /* settings.png */ = {isa = PBXFileReference; lastKnownFileType = image.png; path = settings.png; sourceTree = "<group>"; };
		CD80740D1AA25423007E334A /* profsUT.app */ = {isa = PBXFileReference; explicitFileType = wrapper.application; includeInIndex = 0; path = profsUT.app; sourceTree = BUILT_PRODUCTS_DIR; };
		CD8074111AA25423007E334A /* Info.plist */ = {isa = PBXFileReference; lastKnownFileType = text.plist.xml; path = Info.plist; sourceTree = "<group>"; };
		CD8074121AA25423007E334A /* main.m */ = {isa = PBXFileReference; lastKnownFileType = sourcecode.c.objc; path = main.m; sourceTree = "<group>"; };
		CD8074141AA25423007E334A /* AppDelegate.h */ = {isa = PBXFileReference; lastKnownFileType = sourcecode.c.h; path = AppDelegate.h; sourceTree = "<group>"; };
		CD8074151AA25423007E334A /* AppDelegate.m */ = {isa = PBXFileReference; lastKnownFileType = sourcecode.c.objc; path = AppDelegate.m; sourceTree = "<group>"; };
		CD80741D1AA25423007E334A /* Images.xcassets */ = {isa = PBXFileReference; lastKnownFileType = folder.assetcatalog; path = Images.xcassets; sourceTree = "<group>"; };
		CD8074261AA25423007E334A /* profsUTTests.xctest */ = {isa = PBXFileReference; explicitFileType = wrapper.cfbundle; includeInIndex = 0; path = profsUTTests.xctest; sourceTree = BUILT_PRODUCTS_DIR; };
		CD80742B1AA25423007E334A /* Info.plist */ = {isa = PBXFileReference; lastKnownFileType = text.plist.xml; path = Info.plist; sourceTree = "<group>"; };
		CD80742C1AA25423007E334A /* profsUTTests.m */ = {isa = PBXFileReference; lastKnownFileType = sourcecode.c.objc; path = profsUTTests.m; sourceTree = "<group>"; };
		CD9E129A1AC278A6004363A6 /* quigley.png */ = {isa = PBXFileReference; lastKnownFileType = image.png; path = quigley.png; sourceTree = "<group>"; };
		CD9E129C1AC27E96004363A6 /* ProfCell.h */ = {isa = PBXFileReference; fileEncoding = 4; lastKnownFileType = sourcecode.c.h; path = ProfCell.h; sourceTree = "<group>"; };
		CD9E129D1AC27E96004363A6 /* ProfCell.m */ = {isa = PBXFileReference; fileEncoding = 4; lastKnownFileType = sourcecode.c.objc; path = ProfCell.m; sourceTree = "<group>"; };
		D286B65F64AE42A24D24404D /* libPods-profsUT.a */ = {isa = PBXFileReference; explicitFileType = archive.ar; includeInIndex = 0; path = "libPods-profsUT.a"; sourceTree = BUILT_PRODUCTS_DIR; };
		EF8DEF8FA1A243B571D9D0AF /* Pods-profsUT.debug.xcconfig */ = {isa = PBXFileReference; includeInIndex = 1; lastKnownFileType = text.xcconfig; name = "Pods-profsUT.debug.xcconfig"; path = "Pods/Target Support Files/Pods-profsUT/Pods-profsUT.debug.xcconfig"; sourceTree = "<group>"; };
/* End PBXFileReference section */

/* Begin PBXFrameworksBuildPhase section */
		CD80740A1AA25423007E334A /* Frameworks */ = {
			isa = PBXFrameworksBuildPhase;
			buildActionMask = 2147483647;
			files = (
				DA97EDB307627F2CEC028330 /* libPods-profsUT.a in Frameworks */,
			);
			runOnlyForDeploymentPostprocessing = 0;
		};
		CD8074231AA25423007E334A /* Frameworks */ = {
			isa = PBXFrameworksBuildPhase;
			buildActionMask = 2147483647;
			files = (
			);
			runOnlyForDeploymentPostprocessing = 0;
		};
/* End PBXFrameworksBuildPhase section */

/* Begin PBXGroup section */
		CD251C711AA2607F0062E2BC /* Util */ = {
			isa = PBXGroup;
			children = (
				CD1FFF411AAED392006D08EB /* Util.h */,
				CD1FFF421AAED392006D08EB /* Util.m */,
				CD251C7E1AA268640062E2BC /* Constants.h */,
				CD251C7F1AA268640062E2BC /* Constants.m */,
				CD251C781AA261170062E2BC /* UIColor+profsUT.h */,
				CD251C791AA261170062E2BC /* UIColor+profsUT.m */,
			);
			name = Util;
			sourceTree = "<group>";
		};
		CD251C7B1AA2631B0062E2BC /* Resources */ = {
			isa = PBXGroup;
			children = (
				1118DF0B1AEC086A001E54D7 /* playButton.png */,
				1115A6F31ADE48ED00AA3A59 /* courseIcon.png */,
				1118DF041AEB2A4E001E54D7 /* courseIcon2.png */,
				1118DF021AEB2555001E54D7 /* profCell.png */,
				1118DF061AEB2B12001E54D7 /* profIcon2.png */,
				1115A6EE1ADE368E00AA3A59 /* profIcon.png */,
				CD1FFF3C1AAED392006D08EB /* sample.mov */,
				CD9E129A1AC278A6004363A6 /* quigley.png */,
				CD251C651AA258850062E2BC /* Default-568h@2x.png */,
				CD251C7C1AA263210062E2BC /* Copse.ttf */,
				CD251C811AA26C5F0062E2BC /* search.png */,
				CD251C821AA26C5F0062E2BC /* settings.png */,
			);
			name = Resources;
			sourceTree = "<group>";
		};
		CD8074041AA25423007E334A = {
			isa = PBXGroup;
			children = (
				CD80740F1AA25423007E334A /* profsUT */,
				CD8074291AA25423007E334A /* profsUTTests */,
				CD80740E1AA25423007E334A /* Products */,
				EA550861B1AEFE4BC3F67933 /* Pods */,
				DFDCF5E6BB98EDFA14F88BF6 /* Frameworks */,
			);
			sourceTree = "<group>";
		};
		CD80740E1AA25423007E334A /* Products */ = {
			isa = PBXGroup;
			children = (
				CD80740D1AA25423007E334A /* profsUT.app */,
				CD8074261AA25423007E334A /* profsUTTests.xctest */,
			);
			name = Products;
			sourceTree = "<group>";
		};
		CD80740F1AA25423007E334A /* profsUT */ = {
			isa = PBXGroup;
			children = (
				CD8074141AA25423007E334A /* AppDelegate.h */,
				CD8074151AA25423007E334A /* AppDelegate.m */,
				1115A6EB1ADE2A3500AA3A59 /* TabBarController.h */,
				1115A6EC1ADE2A3500AA3A59 /* TabBarController.m */,
				CD1FFF331AAED392006D08EB /* FeedVC.h */,
				CD1FFF341AAED392006D08EB /* FeedVC.m */,
				1115A6E21ADE0F3500AA3A59 /* ClassFeedVC.h */,
				1115A6E31ADE0F3500AA3A59 /* ClassFeedVC.m */,
				1115A6E81ADE174200AA3A59 /* CourseCell.h */,
				1115A6E91ADE174200AA3A59 /* CourseCell.m */,
				CD9E129C1AC27E96004363A6 /* ProfCell.h */,
				CD9E129D1AC27E96004363A6 /* ProfCell.m */,
				1115A6F01ADE3E9600AA3A59 /* CourseVC.h */,
				1115A6F11ADE3E9600AA3A59 /* CourseVC.m */,
				CD251C6A1AA25AFF0062E2BC /* ProfVC.h */,
				CD251C6B1AA25AFF0062E2BC /* ProfVC.m */,
				1118DF081AEB2D9F001E54D7 /* MoviePlayerController.h */,
				1118DF091AEB2D9F001E54D7 /* MoviePlayerController.m */,
				11CB34FF1AEE8CD40015C185 /* MainNavigationController.h */,
				11CB35001AEE8CD40015C185 /* MainNavigationController.m */,
				CD1FFF381AAED392006D08EB /* Professor.h */,
				CD1FFF391AAED392006D08EB /* Professor.m */,
				1115A6E51ADE10B800AA3A59 /* Course.h */,
				1115A6E61ADE10B800AA3A59 /* Course.m */,
				CD251C7B1AA2631B0062E2BC /* Resources */,
				CD251C711AA2607F0062E2BC /* Util */,
				CD80741D1AA25423007E334A /* Images.xcassets */,
				CD8074101AA25423007E334A /* Supporting Files */,
			);
			path = profsUT;
			sourceTree = "<group>";
		};
		CD8074101AA25423007E334A /* Supporting Files */ = {
			isa = PBXGroup;
			children = (
				CD8074111AA25423007E334A /* Info.plist */,
				CD8074121AA25423007E334A /* main.m */,
			);
			name = "Supporting Files";
			sourceTree = "<group>";
		};
		CD8074291AA25423007E334A /* profsUTTests */ = {
			isa = PBXGroup;
			children = (
				CD80742C1AA25423007E334A /* profsUTTests.m */,
				CD80742A1AA25423007E334A /* Supporting Files */,
			);
			path = profsUTTests;
			sourceTree = "<group>";
		};
		CD80742A1AA25423007E334A /* Supporting Files */ = {
			isa = PBXGroup;
			children = (
				CD80742B1AA25423007E334A /* Info.plist */,
			);
			name = "Supporting Files";
			sourceTree = "<group>";
		};
		DFDCF5E6BB98EDFA14F88BF6 /* Frameworks */ = {
			isa = PBXGroup;
			children = (
				D286B65F64AE42A24D24404D /* libPods-profsUT.a */,
			);
			name = Frameworks;
			sourceTree = "<group>";
		};
		EA550861B1AEFE4BC3F67933 /* Pods */ = {
			isa = PBXGroup;
			children = (
				EF8DEF8FA1A243B571D9D0AF /* Pods-profsUT.debug.xcconfig */,
				11ED4E1F472339D1532BB583 /* Pods-profsUT.release.xcconfig */,
			);
			name = Pods;
			sourceTree = "<group>";
		};
/* End PBXGroup section */

/* Begin PBXNativeTarget section */
		CD80740C1AA25423007E334A /* profsUT */ = {
			isa = PBXNativeTarget;
			buildConfigurationList = CD8074301AA25423007E334A /* Build configuration list for PBXNativeTarget "profsUT" */;
			buildPhases = (
				090331BE24F0B0F685AAC7A8 /* Check Pods Manifest.lock */,
				CD8074091AA25423007E334A /* Sources */,
				CD80740A1AA25423007E334A /* Frameworks */,
				CD80740B1AA25423007E334A /* Resources */,
				64A098F3B930CB023FAD467D /* Copy Pods Resources */,
			);
			buildRules = (
			);
			dependencies = (
			);
			name = profsUT;
			productName = profsUT;
			productReference = CD80740D1AA25423007E334A /* profsUT.app */;
			productType = "com.apple.product-type.application";
		};
		CD8074251AA25423007E334A /* profsUTTests */ = {
			isa = PBXNativeTarget;
			buildConfigurationList = CD8074331AA25423007E334A /* Build configuration list for PBXNativeTarget "profsUTTests" */;
			buildPhases = (
				CD8074221AA25423007E334A /* Sources */,
				CD8074231AA25423007E334A /* Frameworks */,
				CD8074241AA25423007E334A /* Resources */,
			);
			buildRules = (
			);
			dependencies = (
				CD8074281AA25423007E334A /* PBXTargetDependency */,
			);
			name = profsUTTests;
			productName = profsUTTests;
			productReference = CD8074261AA25423007E334A /* profsUTTests.xctest */;
			productType = "com.apple.product-type.bundle.unit-test";
		};
/* End PBXNativeTarget section */

/* Begin PBXProject section */
		CD8074051AA25423007E334A /* Project object */ = {
			isa = PBXProject;
			attributes = {
				LastUpgradeCheck = 0610;
				ORGANIZATIONNAME = "Teacher's Pet";
				TargetAttributes = {
					CD80740C1AA25423007E334A = {
						CreatedOnToolsVersion = 6.1.1;
						DevelopmentTeam = TPC6955N2W;
					};
					CD8074251AA25423007E334A = {
						CreatedOnToolsVersion = 6.1.1;
						TestTargetID = CD80740C1AA25423007E334A;
					};
				};
			};
			buildConfigurationList = CD8074081AA25423007E334A /* Build configuration list for PBXProject "profsUT" */;
			compatibilityVersion = "Xcode 3.2";
			developmentRegion = English;
			hasScannedForEncodings = 0;
			knownRegions = (
				en,
				Base,
			);
			mainGroup = CD8074041AA25423007E334A;
			productRefGroup = CD80740E1AA25423007E334A /* Products */;
			projectDirPath = "";
			projectRoot = "";
			targets = (
				CD80740C1AA25423007E334A /* profsUT */,
				CD8074251AA25423007E334A /* profsUTTests */,
			);
		};
/* End PBXProject section */

/* Begin PBXResourcesBuildPhase section */
		CD80740B1AA25423007E334A /* Resources */ = {
			isa = PBXResourcesBuildPhase;
			buildActionMask = 2147483647;
			files = (
				1118DF0C1AEC086A001E54D7 /* playButton.png in Resources */,
				CD80741E1AA25423007E334A /* Images.xcassets in Resources */,
				1118DF051AEB2A4E001E54D7 /* courseIcon2.png in Resources */,
				1118DF071AEB2B12001E54D7 /* profIcon2.png in Resources */,
				CD9E129B1AC278A6004363A6 /* quigley.png in Resources */,
				1118DF031AEB2555001E54D7 /* profCell.png in Resources */,
				CD1FFF4B1AAED392006D08EB /* sample.mov in Resources */,
				CD251C841AA26C5F0062E2BC /* settings.png in Resources */,
				CD251C7D1AA2675C0062E2BC /* Copse.ttf in Resources */,
				CD251C661AA258850062E2BC /* Default-568h@2x.png in Resources */,
				1115A6F41ADE48ED00AA3A59 /* courseIcon.png in Resources */,
				CD251C831AA26C5F0062E2BC /* search.png in Resources */,
				1115A6EF1ADE368E00AA3A59 /* profIcon.png in Resources */,
			);
			runOnlyForDeploymentPostprocessing = 0;
		};
		CD8074241AA25423007E334A /* Resources */ = {
			isa = PBXResourcesBuildPhase;
			buildActionMask = 2147483647;
			files = (
			);
			runOnlyForDeploymentPostprocessing = 0;
		};
/* End PBXResourcesBuildPhase section */

/* Begin PBXShellScriptBuildPhase section */
		090331BE24F0B0F685AAC7A8 /* Check Pods Manifest.lock */ = {
			isa = PBXShellScriptBuildPhase;
			buildActionMask = 2147483647;
			files = (
			);
			inputPaths = (
			);
			name = "Check Pods Manifest.lock";
			outputPaths = (
			);
			runOnlyForDeploymentPostprocessing = 0;
			shellPath = /bin/sh;
			shellScript = "diff \"${PODS_ROOT}/../Podfile.lock\" \"${PODS_ROOT}/Manifest.lock\" > /dev/null\nif [[ $? != 0 ]] ; then\n    cat << EOM\nerror: The sandbox is not in sync with the Podfile.lock. Run 'pod install' or update your CocoaPods installation.\nEOM\n    exit 1\nfi\n";
			showEnvVarsInLog = 0;
		};
		64A098F3B930CB023FAD467D /* Copy Pods Resources */ = {
			isa = PBXShellScriptBuildPhase;
			buildActionMask = 2147483647;
			files = (
			);
			inputPaths = (
			);
			name = "Copy Pods Resources";
			outputPaths = (
			);
			runOnlyForDeploymentPostprocessing = 0;
			shellPath = /bin/sh;
			shellScript = "\"${SRCROOT}/Pods/Target Support Files/Pods-profsUT/Pods-profsUT-resources.sh\"\n";
			showEnvVarsInLog = 0;
		};
/* End PBXShellScriptBuildPhase section */

/* Begin PBXSourcesBuildPhase section */
		CD8074091AA25423007E334A /* Sources */ = {
			isa = PBXSourcesBuildPhase;
			buildActionMask = 2147483647;
			files = (
				CD8074161AA25423007E334A /* AppDelegate.m in Sources */,
				CD1FFF491AAED392006D08EB /* Professor.m in Sources */,
				1115A6ED1ADE2A3500AA3A59 /* TabBarController.m in Sources */,
				CD251C7A1AA261170062E2BC /* UIColor+profsUT.m in Sources */,
				1115A6E71ADE10B800AA3A59 /* Course.m in Sources */,
				1118DF0A1AEB2D9F001E54D7 /* MoviePlayerController.m in Sources */,
				CD1FFF451AAED392006D08EB /* FeedVC.m in Sources */,
				CD9E129E1AC27E96004363A6 /* ProfCell.m in Sources */,
				CD8074131AA25423007E334A /* main.m in Sources */,
				CD251C6C1AA25AFF0062E2BC /* ProfVC.m in Sources */,
				1115A6EA1ADE174200AA3A59 /* CourseCell.m in Sources */,
				CD251C801AA268640062E2BC /* Constants.m in Sources */,
				CD1FFF4F1AAED392006D08EB /* Util.m in Sources */,
				1115A6E41ADE0F3500AA3A59 /* ClassFeedVC.m in Sources */,
				11CB35011AEE8CD40015C185 /* MainNavigationController.m in Sources */,
				1115A6F21ADE3E9700AA3A59 /* CourseVC.m in Sources */,
			);
			runOnlyForDeploymentPostprocessing = 0;
		};
		CD8074221AA25423007E334A /* Sources */ = {
			isa = PBXSourcesBuildPhase;
			buildActionMask = 2147483647;
			files = (
				CD80742D1AA25423007E334A /* profsUTTests.m in Sources */,
			);
			runOnlyForDeploymentPostprocessing = 0;
		};
/* End PBXSourcesBuildPhase section */

/* Begin PBXTargetDependency section */
		CD8074281AA25423007E334A /* PBXTargetDependency */ = {
			isa = PBXTargetDependency;
			target = CD80740C1AA25423007E334A /* profsUT */;
			targetProxy = CD8074271AA25423007E334A /* PBXContainerItemProxy */;
		};
/* End PBXTargetDependency section */

/* Begin XCBuildConfiguration section */
		CD80742E1AA25423007E334A /* Debug */ = {
			isa = XCBuildConfiguration;
			buildSettings = {
				ALWAYS_SEARCH_USER_PATHS = NO;
				CLANG_CXX_LANGUAGE_STANDARD = "gnu++0x";
				CLANG_CXX_LIBRARY = "libc++";
				CLANG_ENABLE_MODULES = YES;
				CLANG_ENABLE_OBJC_ARC = YES;
				CLANG_WARN_BOOL_CONVERSION = YES;
				CLANG_WARN_CONSTANT_CONVERSION = YES;
				CLANG_WARN_DIRECT_OBJC_ISA_USAGE = YES_ERROR;
				CLANG_WARN_EMPTY_BODY = YES;
				CLANG_WARN_ENUM_CONVERSION = YES;
				CLANG_WARN_INT_CONVERSION = YES;
				CLANG_WARN_OBJC_ROOT_CLASS = YES_ERROR;
				CLANG_WARN_UNREACHABLE_CODE = YES;
				CLANG_WARN__DUPLICATE_METHOD_MATCH = YES;
				"CODE_SIGN_IDENTITY[sdk=iphoneos*]" = "iPhone Developer";
				COPY_PHASE_STRIP = NO;
				ENABLE_STRICT_OBJC_MSGSEND = YES;
				GCC_C_LANGUAGE_STANDARD = gnu99;
				GCC_DYNAMIC_NO_PIC = NO;
				GCC_OPTIMIZATION_LEVEL = 0;
				GCC_PREPROCESSOR_DEFINITIONS = (
					"DEBUG=1",
					"$(inherited)",
				);
				GCC_SYMBOLS_PRIVATE_EXTERN = NO;
				GCC_WARN_64_TO_32_BIT_CONVERSION = YES;
				GCC_WARN_ABOUT_RETURN_TYPE = YES_ERROR;
				GCC_WARN_UNDECLARED_SELECTOR = YES;
				GCC_WARN_UNINITIALIZED_AUTOS = YES_AGGRESSIVE;
				GCC_WARN_UNUSED_FUNCTION = YES;
				GCC_WARN_UNUSED_VARIABLE = YES;
				IPHONEOS_DEPLOYMENT_TARGET = 8.1;
				MTL_ENABLE_DEBUG_INFO = YES;
				ONLY_ACTIVE_ARCH = YES;
				SDKROOT = iphoneos;
			};
			name = Debug;
		};
		CD80742F1AA25423007E334A /* Release */ = {
			isa = XCBuildConfiguration;
			buildSettings = {
				ALWAYS_SEARCH_USER_PATHS = NO;
				CLANG_CXX_LANGUAGE_STANDARD = "gnu++0x";
				CLANG_CXX_LIBRARY = "libc++";
				CLANG_ENABLE_MODULES = YES;
				CLANG_ENABLE_OBJC_ARC = YES;
				CLANG_WARN_BOOL_CONVERSION = YES;
				CLANG_WARN_CONSTANT_CONVERSION = YES;
				CLANG_WARN_DIRECT_OBJC_ISA_USAGE = YES_ERROR;
				CLANG_WARN_EMPTY_BODY = YES;
				CLANG_WARN_ENUM_CONVERSION = YES;
				CLANG_WARN_INT_CONVERSION = YES;
				CLANG_WARN_OBJC_ROOT_CLASS = YES_ERROR;
				CLANG_WARN_UNREACHABLE_CODE = YES;
				CLANG_WARN__DUPLICATE_METHOD_MATCH = YES;
				"CODE_SIGN_IDENTITY[sdk=iphoneos*]" = "iPhone Developer";
				COPY_PHASE_STRIP = YES;
				ENABLE_NS_ASSERTIONS = NO;
				ENABLE_STRICT_OBJC_MSGSEND = YES;
				GCC_C_LANGUAGE_STANDARD = gnu99;
				GCC_WARN_64_TO_32_BIT_CONVERSION = YES;
				GCC_WARN_ABOUT_RETURN_TYPE = YES_ERROR;
				GCC_WARN_UNDECLARED_SELECTOR = YES;
				GCC_WARN_UNINITIALIZED_AUTOS = YES_AGGRESSIVE;
				GCC_WARN_UNUSED_FUNCTION = YES;
				GCC_WARN_UNUSED_VARIABLE = YES;
				IPHONEOS_DEPLOYMENT_TARGET = 8.1;
				MTL_ENABLE_DEBUG_INFO = NO;
				SDKROOT = iphoneos;
				VALIDATE_PRODUCT = YES;
			};
			name = Release;
		};
		CD8074311AA25423007E334A /* Debug */ = {
			isa = XCBuildConfiguration;
			baseConfigurationReference = EF8DEF8FA1A243B571D9D0AF /* Pods-profsUT.debug.xcconfig */;
			buildSettings = {
				ASSETCATALOG_COMPILER_APPICON_NAME = AppIcon;
				ASSETCATALOG_COMPILER_LAUNCHIMAGE_NAME = LaunchImage;
				CODE_SIGN_IDENTITY = "iPhone Developer";
				"CODE_SIGN_IDENTITY[sdk=iphoneos*]" = "iPhone Developer";
				INFOPLIST_FILE = profsUT/Info.plist;
				LD_RUNPATH_SEARCH_PATHS = "$(inherited) @executable_path/Frameworks";
				PRODUCT_NAME = "$(TARGET_NAME)";
				PROVISIONING_PROFILE = "";
			};
			name = Debug;
		};
		CD8074321AA25423007E334A /* Release */ = {
			isa = XCBuildConfiguration;
			baseConfigurationReference = 11ED4E1F472339D1532BB583 /* Pods-profsUT.release.xcconfig */;
			buildSettings = {
				ASSETCATALOG_COMPILER_APPICON_NAME = AppIcon;
				ASSETCATALOG_COMPILER_LAUNCHIMAGE_NAME = LaunchImage;
				CODE_SIGN_IDENTITY = "iPhone Developer";
				"CODE_SIGN_IDENTITY[sdk=iphoneos*]" = "iPhone Developer";
				INFOPLIST_FILE = profsUT/Info.plist;
				LD_RUNPATH_SEARCH_PATHS = "$(inherited) @executable_path/Frameworks";
				PRODUCT_NAME = "$(TARGET_NAME)";
				PROVISIONING_PROFILE = "";
			};
			name = Release;
		};
		CD8074341AA25423007E334A /* Debug */ = {
			isa = XCBuildConfiguration;
			buildSettings = {
				BUNDLE_LOADER = "$(TEST_HOST)";
				FRAMEWORK_SEARCH_PATHS = (
					"$(SDKROOT)/Developer/Library/Frameworks",
					"$(inherited)",
				);
				GCC_PREPROCESSOR_DEFINITIONS = (
					"DEBUG=1",
					"$(inherited)",
				);
				INFOPLIST_FILE = profsUTTests/Info.plist;
				LD_RUNPATH_SEARCH_PATHS = "$(inherited) @executable_path/Frameworks @loader_path/Frameworks";
				PRODUCT_NAME = "$(TARGET_NAME)";
				TEST_HOST = "$(BUILT_PRODUCTS_DIR)/profsUT.app/profsUT";
			};
			name = Debug;
		};
		CD8074351AA25423007E334A /* Release */ = {
			isa = XCBuildConfiguration;
			buildSettings = {
				BUNDLE_LOADER = "$(TEST_HOST)";
				FRAMEWORK_SEARCH_PATHS = (
					"$(SDKROOT)/Developer/Library/Frameworks",
					"$(inherited)",
				);
				INFOPLIST_FILE = profsUTTests/Info.plist;
				LD_RUNPATH_SEARCH_PATHS = "$(inherited) @executable_path/Frameworks @loader_path/Frameworks";
				PRODUCT_NAME = "$(TARGET_NAME)";
				TEST_HOST = "$(BUILT_PRODUCTS_DIR)/profsUT.app/profsUT";
			};
			name = Release;
		};
/* End XCBuildConfiguration section */

/* Begin XCConfigurationList section */
		CD8074081AA25423007E334A /* Build configuration list for PBXProject "profsUT" */ = {
			isa = XCConfigurationList;
			buildConfigurations = (
				CD80742E1AA25423007E334A /* Debug */,
				CD80742F1AA25423007E334A /* Release */,
			);
			defaultConfigurationIsVisible = 0;
			defaultConfigurationName = Release;
		};
		CD8074301AA25423007E334A /* Build configuration list for PBXNativeTarget "profsUT" */ = {
			isa = XCConfigurationList;
			buildConfigurations = (
				CD8074311AA25423007E334A /* Debug */,
				CD8074321AA25423007E334A /* Release */,
			);
			defaultConfigurationIsVisible = 0;
			defaultConfigurationName = Release;
		};
		CD8074331AA25423007E334A /* Build configuration list for PBXNativeTarget "profsUTTests" */ = {
			isa = XCConfigurationList;
			buildConfigurations = (
				CD8074341AA25423007E334A /* Debug */,
				CD8074351AA25423007E334A /* Release */,
			);
			defaultConfigurationIsVisible = 0;
			defaultConfigurationName = Release;
		};
/* End XCConfigurationList section */
	};
	rootObject = CD8074051AA25423007E334A /* Project object */;
}
