// !$*UTF8*$!
{
	archiveVersion = 1;
	classes = {
	};
	objectVersion = 46;
	objects = {

/* Begin PBXBuildFile section */
		CD1FFF451AAED392006D08EB /* FeedVC.m in Sources */ = {isa = PBXBuildFile; fileRef = CD1FFF341AAED392006D08EB /* FeedVC.m */; };
		CD1FFF491AAED392006D08EB /* Professor.m in Sources */ = {isa = PBXBuildFile; fileRef = CD1FFF391AAED392006D08EB /* Professor.m */; };
		CD1FFF4B1AAED392006D08EB /* sample.mov in Resources */ = {isa = PBXBuildFile; fileRef = CD1FFF3C1AAED392006D08EB /* sample.mov */; };
		CD1FFF4F1AAED392006D08EB /* Util.m in Sources */ = {isa = PBXBuildFile; fileRef = CD1FFF421AAED392006D08EB /* Util.m */; };
		CD251C661AA258850062E2BC /* Default-568h@2x.png in Resources */ = {isa = PBXBuildFile; fileRef = CD251C651AA258850062E2BC /* Default-568h@2x.png */; };
		CD251C6C1AA25AFF0062E2BC /* ProfVC.m in Sources */ = {isa = PBXBuildFile; fileRef = CD251C6B1AA25AFF0062E2BC /* ProfVC.m */; };
		CD251C7A1AA261170062E2BC /* UIColor+profsUT.m in Sources */ = {isa = PBXBuildFile; fileRef = CD251C791AA261170062E2BC /* UIColor+profsUT.m */; };
		CD251C7D1AA2675C0062E2BC /* Copse.ttf in Resources */ = {isa = PBXBuildFile; fileRef = CD251C7C1AA263210062E2BC /* Copse.ttf */; };
		CD251C801AA268640062E2BC /* Constants.m in Sources */ = {isa = PBXBuildFile; fileRef = CD251C7F1AA268640062E2BC /* Constants.m */; };
		CD251C831AA26C5F0062E2BC /* search.png in Resources */ = {isa = PBXBuildFile; fileRef = CD251C811AA26C5F0062E2BC /* search.png */; };
		CD251C841AA26C5F0062E2BC /* settings.png in Resources */ = {isa = PBXBuildFile; fileRef = CD251C821AA26C5F0062E2BC /* settings.png */; };
		CD8074131AA25423007E334A /* main.m in Sources */ = {isa = PBXBuildFile; fileRef = CD8074121AA25423007E334A /* main.m */; };
		CD8074161AA25423007E334A /* AppDelegate.m in Sources */ = {isa = PBXBuildFile; fileRef = CD8074151AA25423007E334A /* AppDelegate.m */; };
		CD80741E1AA25423007E334A /* Images.xcassets in Resources */ = {isa = PBXBuildFile; fileRef = CD80741D1AA25423007E334A /* Images.xcassets */; };
		CD80742D1AA25423007E334A /* profsUTTests.m in Sources */ = {isa = PBXBuildFile; fileRef = CD80742C1AA25423007E334A /* profsUTTests.m */; };
/* End PBXBuildFile section */

/* Begin PBXContainerItemProxy section */
		CD8074271AA25423007E334A /* PBXContainerItemProxy */ = {
			isa = PBXContainerItemProxy;
			containerPortal = CD8074051AA25423007E334A /* Project object */;
			proxyType = 1;
			remoteGlobalIDString = CD80740C1AA25423007E334A;
			remoteInfo = profsUT;
		};
/* End PBXContainerItemProxy section */

/* Begin PBXFileReference section */
		CD1FFF331AAED392006D08EB /* FeedVC.h */ = {isa = PBXFileReference; fileEncoding = 4; lastKnownFileType = sourcecode.c.h; path = FeedVC.h; sourceTree = "<group>"; };
		CD1FFF341AAED392006D08EB /* FeedVC.m */ = {isa = PBXFileReference; fileEncoding = 4; lastKnownFileType = sourcecode.c.objc; path = FeedVC.m; sourceTree = "<group>"; };
		CD1FFF381AAED392006D08EB /* Professor.h */ = {isa = PBXFileReference; fileEncoding = 4; lastKnownFileType = sourcecode.c.h; path = Professor.h; sourceTree = "<group>"; };
		CD1FFF391AAED392006D08EB /* Professor.m */ = {isa = PBXFileReference; fileEncoding = 4; lastKnownFileType = sourcecode.c.objc; path = Professor.m; sourceTree = "<group>"; };
		CD1FFF3C1AAED392006D08EB /* sample.mov */ = {isa = PBXFileReference; lastKnownFileType = video.quicktime; path = sample.mov; sourceTree = "<group>"; };
		CD1FFF411AAED392006D08EB /* Util.h */ = {isa = PBXFileReference; fileEncoding = 4; lastKnownFileType = sourcecode.c.h; path = Util.h; sourceTree = "<group>"; };
		CD1FFF421AAED392006D08EB /* Util.m */ = {isa = PBXFileReference; fileEncoding = 4; lastKnownFileType = sourcecode.c.objc; path = Util.m; sourceTree = "<group>"; };
		CD251C651AA258850062E2BC /* Default-568h@2x.png */ = {isa = PBXFileReference; lastKnownFileType = image.png; name = "Default-568h@2x.png"; path = "../Default-568h@2x.png"; sourceTree = "<group>"; };
		CD251C6A1AA25AFF0062E2BC /* ProfVC.h */ = {isa = PBXFileReference; fileEncoding = 4; lastKnownFileType = sourcecode.c.h; path = ProfVC.h; sourceTree = "<group>"; };
		CD251C6B1AA25AFF0062E2BC /* ProfVC.m */ = {isa = PBXFileReference; fileEncoding = 4; lastKnownFileType = sourcecode.c.objc; path = ProfVC.m; sourceTree = "<group>"; };
		CD251C781AA261170062E2BC /* UIColor+profsUT.h */ = {isa = PBXFileReference; fileEncoding = 4; lastKnownFileType = sourcecode.c.h; path = "UIColor+profsUT.h"; sourceTree = "<group>"; };
		CD251C791AA261170062E2BC /* UIColor+profsUT.m */ = {isa = PBXFileReference; fileEncoding = 4; lastKnownFileType = sourcecode.c.objc; path = "UIColor+profsUT.m"; sourceTree = "<group>"; };
		CD251C7C1AA263210062E2BC /* Copse.ttf */ = {isa = PBXFileReference; lastKnownFileType = file; path = Copse.ttf; sourceTree = "<group>"; };
		CD251C7E1AA268640062E2BC /* Constants.h */ = {isa = PBXFileReference; fileEncoding = 4; lastKnownFileType = sourcecode.c.h; path = Constants.h; sourceTree = "<group>"; };
		CD251C7F1AA268640062E2BC /* Constants.m */ = {isa = PBXFileReference; fileEncoding = 4; lastKnownFileType = sourcecode.c.objc; path = Constants.m; sourceTree = "<group>"; };
		CD251C811AA26C5F0062E2BC /* search.png */ = {isa = PBXFileReference; lastKnownFileType = image.png; path = search.png; sourceTree = "<group>"; };
		CD251C821AA26C5F0062E2BC /* settings.png */ = {isa = PBXFileReference; lastKnownFileType = image.png; path = settings.png; sourceTree = "<group>"; };
		CD80740D1AA25423007E334A /* profsUT.app */ = {isa = PBXFileReference; explicitFileType = wrapper.application; includeInIndex = 0; path = profsUT.app; sourceTree = BUILT_PRODUCTS_DIR; };
		CD8074111AA25423007E334A /* Info.plist */ = {isa = PBXFileReference; lastKnownFileType = text.plist.xml; path = Info.plist; sourceTree = "<group>"; };
		CD8074121AA25423007E334A /* main.m */ = {isa = PBXFileReference; lastKnownFileType = sourcecode.c.objc; path = main.m; sourceTree = "<group>"; };
		CD8074141AA25423007E334A /* AppDelegate.h */ = {isa = PBXFileReference; lastKnownFileType = sourcecode.c.h; path = AppDelegate.h; sourceTree = "<group>"; };
		CD8074151AA25423007E334A /* AppDelegate.m */ = {isa = PBXFileReference; lastKnownFileType = sourcecode.c.objc; path = AppDelegate.m; sourceTree = "<group>"; };
		CD80741D1AA25423007E334A /* Images.xcassets */ = {isa = PBXFileReference; lastKnownFileType = folder.assetcatalog; path = Images.xcassets; sourceTree = "<group>"; };
		CD8074261AA25423007E334A /* profsUTTests.xctest */ = {isa = PBXFileReference; explicitFileType = wrapper.cfbundle; includeInIndex = 0; path = profsUTTests.xctest; sourceTree = BUILT_PRODUCTS_DIR; };
		CD80742B1AA25423007E334A /* Info.plist */ = {isa = PBXFileReference; lastKnownFileType = text.plist.xml; path = Info.plist; sourceTree = "<group>"; };
		CD80742C1AA25423007E334A /* profsUTTests.m */ = {isa = PBXFileReference; lastKnownFileType = sourcecode.c.objc; path = profsUTTests.m; sourceTree = "<group>"; };
/* End PBXFileReference section */

/* Begin PBXFrameworksBuildPhase section */
		CD80740A1AA25423007E334A /* Frameworks */ = {
			isa = PBXFrameworksBuildPhase;
			buildActionMask = 2147483647;
			files = (
			);
			runOnlyForDeploymentPostprocessing = 0;
		};
		CD8074231AA25423007E334A /* Frameworks */ = {
			isa = PBXFrameworksBuildPhase;
			buildActionMask = 2147483647;
			files = (
			);
			runOnlyForDeploymentPostprocessing = 0;
		};
/* End PBXFrameworksBuildPhase section */

/* Begin PBXGroup section */
		CD251C711AA2607F0062E2BC /* Util */ = {
			isa = PBXGroup;
			children = (
				CD1FFF411AAED392006D08EB /* Util.h */,
				CD1FFF421AAED392006D08EB /* Util.m */,
				CD251C7E1AA268640062E2BC /* Constants.h */,
				CD251C7F1AA268640062E2BC /* Constants.m */,
				CD251C781AA261170062E2BC /* UIColor+profsUT.h */,
				CD251C791AA261170062E2BC /* UIColor+profsUT.m */,
			);
			name = Util;
			sourceTree = "<group>";
		};
		CD251C7B1AA2631B0062E2BC /* Resources */ = {
			isa = PBXGroup;
			children = (
				CD1FFF3C1AAED392006D08EB /* sample.mov */,
				CD251C651AA258850062E2BC /* Default-568h@2x.png */,
				CD251C7C1AA263210062E2BC /* Copse.ttf */,
				CD251C811AA26C5F0062E2BC /* search.png */,
				CD251C821AA26C5F0062E2BC /* settings.png */,
			);
			name = Resources;
			sourceTree = "<group>";
		};
		CD8074041AA25423007E334A = {
			isa = PBXGroup;
			children = (
				CD80740F1AA25423007E334A /* profsUT */,
				CD8074291AA25423007E334A /* profsUTTests */,
				CD80740E1AA25423007E334A /* Products */,
			);
			sourceTree = "<group>";
		};
		CD80740E1AA25423007E334A /* Products */ = {
			isa = PBXGroup;
			children = (
				CD80740D1AA25423007E334A /* profsUT.app */,
				CD8074261AA25423007E334A /* profsUTTests.xctest */,
			);
			name = Products;
			sourceTree = "<group>";
		};
		CD80740F1AA25423007E334A /* profsUT */ = {
			isa = PBXGroup;
			children = (
				CD8074141AA25423007E334A /* AppDelegate.h */,
				CD8074151AA25423007E334A /* AppDelegate.m */,
				CD1FFF331AAED392006D08EB /* FeedVC.h */,
				CD1FFF341AAED392006D08EB /* FeedVC.m */,
				CD251C6A1AA25AFF0062E2BC /* ProfVC.h */,
				CD251C6B1AA25AFF0062E2BC /* ProfVC.m */,
				CD1FFF381AAED392006D08EB /* Professor.h */,
				CD1FFF391AAED392006D08EB /* Professor.m */,
				CD251C7B1AA2631B0062E2BC /* Resources */,
				CD251C711AA2607F0062E2BC /* Util */,
				CD80741D1AA25423007E334A /* Images.xcassets */,
				CD8074101AA25423007E334A /* Supporting Files */,
			);
			path = profsUT;
			sourceTree = "<group>";
		};
		CD8074101AA25423007E334A /* Supporting Files */ = {
			isa = PBXGroup;
			children = (
				CD8074111AA25423007E334A /* Info.plist */,
				CD8074121AA25423007E334A /* main.m */,
			);
			name = "Supporting Files";
			sourceTree = "<group>";
		};
		CD8074291AA25423007E334A /* profsUTTests */ = {
			isa = PBXGroup;
			children = (
				CD80742C1AA25423007E334A /* profsUTTests.m */,
				CD80742A1AA25423007E334A /* Supporting Files */,
			);
			path = profsUTTests;
			sourceTree = "<group>";
		};
		CD80742A1AA25423007E334A /* Supporting Files */ = {
			isa = PBXGroup;
			children = (
				CD80742B1AA25423007E334A /* Info.plist */,
			);
			name = "Supporting Files";
			sourceTree = "<group>";
		};
/* End PBXGroup section */

/* Begin PBXNativeTarget section */
		CD80740C1AA25423007E334A /* profsUT */ = {
			isa = PBXNativeTarget;
			buildConfigurationList = CD8074301AA25423007E334A /* Build configuration list for PBXNativeTarget "profsUT" */;
			buildPhases = (
				CD8074091AA25423007E334A /* Sources */,
				CD80740A1AA25423007E334A /* Frameworks */,
				CD80740B1AA25423007E334A /* Resources */,
			);
			buildRules = (
			);
			dependencies = (
			);
			name = profsUT;
			productName = profsUT;
			productReference = CD80740D1AA25423007E334A /* profsUT.app */;
			productType = "com.apple.product-type.application";
		};
		CD8074251AA25423007E334A /* profsUTTests */ = {
			isa = PBXNativeTarget;
			buildConfigurationList = CD8074331AA25423007E334A /* Build configuration list for PBXNativeTarget "profsUTTests" */;
			buildPhases = (
				CD8074221AA25423007E334A /* Sources */,
				CD8074231AA25423007E334A /* Frameworks */,
				CD8074241AA25423007E334A /* Resources */,
			);
			buildRules = (
			);
			dependencies = (
				CD8074281AA25423007E334A /* PBXTargetDependency */,
			);
			name = profsUTTests;
			productName = profsUTTests;
			productReference = CD8074261AA25423007E334A /* profsUTTests.xctest */;
			productType = "com.apple.product-type.bundle.unit-test";
		};
/* End PBXNativeTarget section */

/* Begin PBXProject section */
		CD8074051AA25423007E334A /* Project object */ = {
			isa = PBXProject;
			attributes = {
				LastUpgradeCheck = 0610;
				ORGANIZATIONNAME = "Teacher's Pet";
				TargetAttributes = {
					CD80740C1AA25423007E334A = {
						CreatedOnToolsVersion = 6.1.1;
					};
					CD8074251AA25423007E334A = {
						CreatedOnToolsVersion = 6.1.1;
						TestTargetID = CD80740C1AA25423007E334A;
					};
				};
			};
			buildConfigurationList = CD8074081AA25423007E334A /* Build configuration list for PBXProject "profsUT" */;
			compatibilityVersion = "Xcode 3.2";
			developmentRegion = English;
			hasScannedForEncodings = 0;
			knownRegions = (
				en,
				Base,
			);
			mainGroup = CD8074041AA25423007E334A;
			productRefGroup = CD80740E1AA25423007E334A /* Products */;
			projectDirPath = "";
			projectRoot = "";
			targets = (
				CD80740C1AA25423007E334A /* profsUT */,
				CD8074251AA25423007E334A /* profsUTTests */,
			);
		};
/* End PBXProject section */

/* Begin PBXResourcesBuildPhase section */
		CD80740B1AA25423007E334A /* Resources */ = {
			isa = PBXResourcesBuildPhase;
			buildActionMask = 2147483647;
			files = (
				CD80741E1AA25423007E334A /* Images.xcassets in Resources */,
				CD1FFF4B1AAED392006D08EB /* sample.mov in Resources */,
				CD251C841AA26C5F0062E2BC /* settings.png in Resources */,
				CD251C7D1AA2675C0062E2BC /* Copse.ttf in Resources */,
				CD251C661AA258850062E2BC /* Default-568h@2x.png in Resources */,
				CD251C831AA26C5F0062E2BC /* search.png in Resources */,
			);
			runOnlyForDeploymentPostprocessing = 0;
		};
		CD8074241AA25423007E334A /* Resources */ = {
			isa = PBXResourcesBuildPhase;
			buildActionMask = 2147483647;
			files = (
			);
			runOnlyForDeploymentPostprocessing = 0;
		};
/* End PBXResourcesBuildPhase section */

/* Begin PBXSourcesBuildPhase section */
		CD8074091AA25423007E334A /* Sources */ = {
			isa = PBXSourcesBuildPhase;
			buildActionMask = 2147483647;
			files = (
				CD8074161AA25423007E334A /* AppDelegate.m in Sources */,
				CD1FFF491AAED392006D08EB /* Professor.m in Sources */,
				CD251C7A1AA261170062E2BC /* UIColor+profsUT.m in Sources */,
				CD1FFF451AAED392006D08EB /* FeedVC.m in Sources */,
				CD8074131AA25423007E334A /* main.m in Sources */,
				CD251C6C1AA25AFF0062E2BC /* ProfVC.m in Sources */,
				CD251C801AA268640062E2BC /* Constants.m in Sources */,
				CD1FFF4F1AAED392006D08EB /* Util.m in Sources */,
			);
			runOnlyForDeploymentPostprocessing = 0;
		};
		CD8074221AA25423007E334A /* Sources */ = {
			isa = PBXSourcesBuildPhase;
			buildActionMask = 2147483647;
			files = (
				CD80742D1AA25423007E334A /* profsUTTests.m in Sources */,
			);
			runOnlyForDeploymentPostprocessing = 0;
		};
/* End PBXSourcesBuildPhase section */

/* Begin PBXTargetDependency section */
		CD8074281AA25423007E334A /* PBXTargetDependency */ = {
			isa = PBXTargetDependency;
			target = CD80740C1AA25423007E334A /* profsUT */;
			targetProxy = CD8074271AA25423007E334A /* PBXContainerItemProxy */;
		};
/* End PBXTargetDependency section */

/* Begin XCBuildConfiguration section */
		CD80742E1AA25423007E334A /* Debug */ = {
			isa = XCBuildConfiguration;
			buildSettings = {
				ALWAYS_SEARCH_USER_PATHS = NO;
				CLANG_CXX_LANGUAGE_STANDARD = "gnu++0x";
				CLANG_CXX_LIBRARY = "libc++";
				CLANG_ENABLE_MODULES = YES;
				CLANG_ENABLE_OBJC_ARC = YES;
				CLANG_WARN_BOOL_CONVERSION = YES;
				CLANG_WARN_CONSTANT_CONVERSION = YES;
				CLANG_WARN_DIRECT_OBJC_ISA_USAGE = YES_ERROR;
				CLANG_WARN_EMPTY_BODY = YES;
				CLANG_WARN_ENUM_CONVERSION = YES;
				CLANG_WARN_INT_CONVERSION = YES;
				CLANG_WARN_OBJC_ROOT_CLASS = YES_ERROR;
				CLANG_WARN_UNREACHABLE_CODE = YES;
				CLANG_WARN__DUPLICATE_METHOD_MATCH = YES;
				"CODE_SIGN_IDENTITY[sdk=iphoneos*]" = "iPhone Developer";
				COPY_PHASE_STRIP = NO;
				ENABLE_STRICT_OBJC_MSGSEND = YES;
				GCC_C_LANGUAGE_STANDARD = gnu99;
				GCC_DYNAMIC_NO_PIC = NO;
				GCC_OPTIMIZATION_LEVEL = 0;
				GCC_PREPROCESSOR_DEFINITIONS = (
					"DEBUG=1",
					"$(inherited)",
				);
				GCC_SYMBOLS_PRIVATE_EXTERN = NO;
				GCC_WARN_64_TO_32_BIT_CONVERSION = YES;
				GCC_WARN_ABOUT_RETURN_TYPE = YES_ERROR;
				GCC_WARN_UNDECLARED_SELECTOR = YES;
				GCC_WARN_UNINITIALIZED_AUTOS = YES_AGGRESSIVE;
				GCC_WARN_UNUSED_FUNCTION = YES;
				GCC_WARN_UNUSED_VARIABLE = YES;
				IPHONEOS_DEPLOYMENT_TARGET = 8.1;
				MTL_ENABLE_DEBUG_INFO = YES;
				ONLY_ACTIVE_ARCH = YES;
				SDKROOT = iphoneos;
			};
			name = Debug;
		};
		CD80742F1AA25423007E334A /* Release */ = {
			isa = XCBuildConfiguration;
			buildSettings = {
				ALWAYS_SEARCH_USER_PATHS = NO;
				CLANG_CXX_LANGUAGE_STANDARD = "gnu++0x";
				CLANG_CXX_LIBRARY = "libc++";
				CLANG_ENABLE_MODULES = YES;
				CLANG_ENABLE_OBJC_ARC = YES;
				CLANG_WARN_BOOL_CONVERSION = YES;
				CLANG_WARN_CONSTANT_CONVERSION = YES;
				CLANG_WARN_DIRECT_OBJC_ISA_USAGE = YES_ERROR;
				CLANG_WARN_EMPTY_BODY = YES;
				CLANG_WARN_ENUM_CONVERSION = YES;
				CLANG_WARN_INT_CONVERSION = YES;
				CLANG_WARN_OBJC_ROOT_CLASS = YES_ERROR;
				CLANG_WARN_UNREACHABLE_CODE = YES;
				CLANG_WARN__DUPLICATE_METHOD_MATCH = YES;
				"CODE_SIGN_IDENTITY[sdk=iphoneos*]" = "iPhone Developer";
				COPY_PHASE_STRIP = YES;
				ENABLE_NS_ASSERTIONS = NO;
				ENABLE_STRICT_OBJC_MSGSEND = YES;
				GCC_C_LANGUAGE_STANDARD = gnu99;
				GCC_WARN_64_TO_32_BIT_CONVERSION = YES;
				GCC_WARN_ABOUT_RETURN_TYPE = YES_ERROR;
				GCC_WARN_UNDECLARED_SELECTOR = YES;
				GCC_WARN_UNINITIALIZED_AUTOS = YES_AGGRESSIVE;
				GCC_WARN_UNUSED_FUNCTION = YES;
				GCC_WARN_UNUSED_VARIABLE = YES;
				IPHONEOS_DEPLOYMENT_TARGET = 8.1;
				MTL_ENABLE_DEBUG_INFO = NO;
				SDKROOT = iphoneos;
				VALIDATE_PRODUCT = YES;
			};
			name = Release;
		};
		CD8074311AA25423007E334A /* Debug */ = {
			isa = XCBuildConfiguration;
			buildSettings = {
				ASSETCATALOG_COMPILER_APPICON_NAME = AppIcon;
				ASSETCATALOG_COMPILER_LAUNCHIMAGE_NAME = LaunchImage;
				INFOPLIST_FILE = profsUT/Info.plist;
				LD_RUNPATH_SEARCH_PATHS = "$(inherited) @executable_path/Frameworks";
				PRODUCT_NAME = "$(TARGET_NAME)";
			};
			name = Debug;
		};
		CD8074321AA25423007E334A /* Release */ = {
			isa = XCBuildConfiguration;
			buildSettings = {
				ASSETCATALOG_COMPILER_APPICON_NAME = AppIcon;
				ASSETCATALOG_COMPILER_LAUNCHIMAGE_NAME = LaunchImage;
				INFOPLIST_FILE = profsUT/Info.plist;
				LD_RUNPATH_SEARCH_PATHS = "$(inherited) @executable_path/Frameworks";
				PRODUCT_NAME = "$(TARGET_NAME)";
			};
			name = Release;
		};
		CD8074341AA25423007E334A /* Debug */ = {
			isa = XCBuildConfiguration;
			buildSettings = {
				BUNDLE_LOADER = "$(TEST_HOST)";
				FRAMEWORK_SEARCH_PATHS = (
					"$(SDKROOT)/Developer/Library/Frameworks",
					"$(inherited)",
				);
				GCC_PREPROCESSOR_DEFINITIONS = (
					"DEBUG=1",
					"$(inherited)",
				);
				INFOPLIST_FILE = profsUTTests/Info.plist;
				LD_RUNPATH_SEARCH_PATHS = "$(inherited) @executable_path/Frameworks @loader_path/Frameworks";
				PRODUCT_NAME = "$(TARGET_NAME)";
				TEST_HOST = "$(BUILT_PRODUCTS_DIR)/profsUT.app/profsUT";
			};
			name = Debug;
		};
		CD8074351AA25423007E334A /* Release */ = {
			isa = XCBuildConfiguration;
			buildSettings = {
				BUNDLE_LOADER = "$(TEST_HOST)";
				FRAMEWORK_SEARCH_PATHS = (
					"$(SDKROOT)/Developer/Library/Frameworks",
					"$(inherited)",
				);
				INFOPLIST_FILE = profsUTTests/Info.plist;
				LD_RUNPATH_SEARCH_PATHS = "$(inherited) @executable_path/Frameworks @loader_path/Frameworks";
				PRODUCT_NAME = "$(TARGET_NAME)";
				TEST_HOST = "$(BUILT_PRODUCTS_DIR)/profsUT.app/profsUT";
			};
			name = Release;
		};
/* End XCBuildConfiguration section */

/* Begin XCConfigurationList section */
		CD8074081AA25423007E334A /* Build configuration list for PBXProject "profsUT" */ = {
			isa = XCConfigurationList;
			buildConfigurations = (
				CD80742E1AA25423007E334A /* Debug */,
				CD80742F1AA25423007E334A /* Release */,
			);
			defaultConfigurationIsVisible = 0;
			defaultConfigurationName = Release;
		};
		CD8074301AA25423007E334A /* Build configuration list for PBXNativeTarget "profsUT" */ = {
			isa = XCConfigurationList;
			buildConfigurations = (
				CD8074311AA25423007E334A /* Debug */,
				CD8074321AA25423007E334A /* Release */,
			);
			defaultConfigurationIsVisible = 0;
			defaultConfigurationName = Release;
		};
		CD8074331AA25423007E334A /* Build configuration list for PBXNativeTarget "profsUTTests" */ = {
			isa = XCConfigurationList;
			buildConfigurations = (
				CD8074341AA25423007E334A /* Debug */,
				CD8074351AA25423007E334A /* Release */,
			);
			defaultConfigurationIsVisible = 0;
			defaultConfigurationName = Release;
		};
/* End XCConfigurationList section */
	};
	rootObject = CD8074051AA25423007E334A /* Project object */;
}
